# This file is automatically @generated by Cargo.
# It is not intended for manual editing.
version = 3

[[package]]
name = "alea"
version = "0.2.2"
source = "registry+https://github.com/rust-lang/crates.io-index"
checksum = "b5906476585661c802d50736a92abb1fc6159648d3a9983a26c9aab33bb19346"

[[package]]
name = "sq-32"
version = "0.2.0"
dependencies = [
 "alea",
]
